// !$*UTF8*$!
{
	archiveVersion = 1;
	classes = {
	};
	objectVersion = 50;
	objects = {

/* Begin PBXBuildFile section */
		AD2BFCF226EF6E80006CD879 /* Alert.swift in Sources */ = {isa = PBXBuildFile; fileRef = AD2BFCF126EF6E80006CD879 /* Alert.swift */; };
		AD2BFCF426EF7182006CD879 /* AddAlertViewController.swift in Sources */ = {isa = PBXBuildFile; fileRef = AD2BFCF326EF7182006CD879 /* AddAlertViewController.swift */; };
		AD2BFCF626F0A43E006CD879 /* UNNotificationCenter.swift in Sources */ = {isa = PBXBuildFile; fileRef = AD2BFCF526F0A43E006CD879 /* UNNotificationCenter.swift */; };
		AD813A0626EF6588007814E9 /* AppDelegate.swift in Sources */ = {isa = PBXBuildFile; fileRef = AD813A0526EF6588007814E9 /* AppDelegate.swift */; };
		AD813A0826EF6588007814E9 /* SceneDelegate.swift in Sources */ = {isa = PBXBuildFile; fileRef = AD813A0726EF6588007814E9 /* SceneDelegate.swift */; };
		AD813A0D26EF6588007814E9 /* Main.storyboard in Resources */ = {isa = PBXBuildFile; fileRef = AD813A0B26EF6588007814E9 /* Main.storyboard */; };
		AD813A0F26EF6589007814E9 /* Assets.xcassets in Resources */ = {isa = PBXBuildFile; fileRef = AD813A0E26EF6589007814E9 /* Assets.xcassets */; };
		AD813A1226EF6589007814E9 /* LaunchScreen.storyboard in Resources */ = {isa = PBXBuildFile; fileRef = AD813A1026EF6589007814E9 /* LaunchScreen.storyboard */; };
		AD813A1A26EF65A1007814E9 /* AlertListViewController.swift in Sources */ = {isa = PBXBuildFile; fileRef = AD813A1926EF65A1007814E9 /* AlertListViewController.swift */; };
		AD813A1D26EF66E0007814E9 /* AlertListCell.swift in Sources */ = {isa = PBXBuildFile; fileRef = AD813A1B26EF66E0007814E9 /* AlertListCell.swift */; };
		AD813A1E26EF66E0007814E9 /* AlertListCell.xib in Resources */ = {isa = PBXBuildFile; fileRef = AD813A1C26EF66E0007814E9 /* AlertListCell.xib */; };
/* End PBXBuildFile section */

/* Begin PBXFileReference section */
		AD2BFCF126EF6E80006CD879 /* Alert.swift */ = {isa = PBXFileReference; lastKnownFileType = sourcecode.swift; path = Alert.swift; sourceTree = "<group>"; };
		AD2BFCF326EF7182006CD879 /* AddAlertViewController.swift */ = {isa = PBXFileReference; lastKnownFileType = sourcecode.swift; path = AddAlertViewController.swift; sourceTree = "<group>"; };
		AD2BFCF526F0A43E006CD879 /* UNNotificationCenter.swift */ = {isa = PBXFileReference; lastKnownFileType = sourcecode.swift; path = UNNotificationCenter.swift; sourceTree = "<group>"; };
		AD813A0226EF6588007814E9 /* Drink.app */ = {isa = PBXFileReference; explicitFileType = wrapper.application; includeInIndex = 0; path = Drink.app; sourceTree = BUILT_PRODUCTS_DIR; };
		AD813A0526EF6588007814E9 /* AppDelegate.swift */ = {isa = PBXFileReference; lastKnownFileType = sourcecode.swift; path = AppDelegate.swift; sourceTree = "<group>"; };
		AD813A0726EF6588007814E9 /* SceneDelegate.swift */ = {isa = PBXFileReference; lastKnownFileType = sourcecode.swift; path = SceneDelegate.swift; sourceTree = "<group>"; };
		AD813A0C26EF6588007814E9 /* Base */ = {isa = PBXFileReference; lastKnownFileType = file.storyboard; name = Base; path = Base.lproj/Main.storyboard; sourceTree = "<group>"; };
		AD813A0E26EF6589007814E9 /* Assets.xcassets */ = {isa = PBXFileReference; lastKnownFileType = folder.assetcatalog; path = Assets.xcassets; sourceTree = "<group>"; };
		AD813A1126EF6589007814E9 /* Base */ = {isa = PBXFileReference; lastKnownFileType = file.storyboard; name = Base; path = Base.lproj/LaunchScreen.storyboard; sourceTree = "<group>"; };
		AD813A1326EF6589007814E9 /* Info.plist */ = {isa = PBXFileReference; lastKnownFileType = text.plist.xml; path = Info.plist; sourceTree = "<group>"; };
		AD813A1926EF65A1007814E9 /* AlertListViewController.swift */ = {isa = PBXFileReference; lastKnownFileType = sourcecode.swift; path = AlertListViewController.swift; sourceTree = "<group>"; };
		AD813A1B26EF66E0007814E9 /* AlertListCell.swift */ = {isa = PBXFileReference; lastKnownFileType = sourcecode.swift; path = AlertListCell.swift; sourceTree = "<group>"; };
		AD813A1C26EF66E0007814E9 /* AlertListCell.xib */ = {isa = PBXFileReference; lastKnownFileType = file.xib; path = AlertListCell.xib; sourceTree = "<group>"; };
/* End PBXFileReference section */

/* Begin PBXFrameworksBuildPhase section */
		AD8139FF26EF6588007814E9 /* Frameworks */ = {
			isa = PBXFrameworksBuildPhase;
			buildActionMask = 2147483647;
			files = (
			);
			runOnlyForDeploymentPostprocessing = 0;
		};
/* End PBXFrameworksBuildPhase section */

/* Begin PBXGroup section */
		AD8139F926EF6588007814E9 = {
			isa = PBXGroup;
			children = (
				AD813A0426EF6588007814E9 /* Drink */,
				AD813A0326EF6588007814E9 /* Products */,
			);
			sourceTree = "<group>";
		};
		AD813A0326EF6588007814E9 /* Products */ = {
			isa = PBXGroup;
			children = (
				AD813A0226EF6588007814E9 /* Drink.app */,
			);
			name = Products;
			sourceTree = "<group>";
		};
		AD813A0426EF6588007814E9 /* Drink */ = {
			isa = PBXGroup;
			children = (
				AD813A0526EF6588007814E9 /* AppDelegate.swift */,
				AD813A0726EF6588007814E9 /* SceneDelegate.swift */,
				AD813A1926EF65A1007814E9 /* AlertListViewController.swift */,
				AD2BFCF126EF6E80006CD879 /* Alert.swift */,
				AD2BFCF526F0A43E006CD879 /* UNNotificationCenter.swift */,
				AD813A0B26EF6588007814E9 /* Main.storyboard */,
				AD2BFCF326EF7182006CD879 /* AddAlertViewController.swift */,
				AD813A1B26EF66E0007814E9 /* AlertListCell.swift */,
				AD813A1C26EF66E0007814E9 /* AlertListCell.xib */,
				AD813A0E26EF6589007814E9 /* Assets.xcassets */,
				AD813A1026EF6589007814E9 /* LaunchScreen.storyboard */,
				AD813A1326EF6589007814E9 /* Info.plist */,
			);
			path = Drink;
			sourceTree = "<group>";
		};
/* End PBXGroup section */

/* Begin PBXNativeTarget section */
		AD813A0126EF6588007814E9 /* Drink */ = {
			isa = PBXNativeTarget;
			buildConfigurationList = AD813A1626EF6589007814E9 /* Build configuration list for PBXNativeTarget "Drink" */;
			buildPhases = (
				AD8139FE26EF6588007814E9 /* Sources */,
				AD8139FF26EF6588007814E9 /* Frameworks */,
				AD813A0026EF6588007814E9 /* Resources */,
			);
			buildRules = (
			);
			dependencies = (
			);
			name = Drink;
			productName = Drink;
			productReference = AD813A0226EF6588007814E9 /* Drink.app */;
			productType = "com.apple.product-type.application";
		};
/* End PBXNativeTarget section */

/* Begin PBXProject section */
		AD8139FA26EF6588007814E9 /* Project object */ = {
			isa = PBXProject;
			attributes = {
				LastSwiftUpdateCheck = 1250;
				LastUpgradeCheck = 1250;
				TargetAttributes = {
					AD813A0126EF6588007814E9 = {
						CreatedOnToolsVersion = 12.5.1;
					};
				};
			};
			buildConfigurationList = AD8139FD26EF6588007814E9 /* Build configuration list for PBXProject "Drink" */;
			compatibilityVersion = "Xcode 9.3";
			developmentRegion = en;
			hasScannedForEncodings = 0;
			knownRegions = (
				en,
				Base,
			);
			mainGroup = AD8139F926EF6588007814E9;
			productRefGroup = AD813A0326EF6588007814E9 /* Products */;
			projectDirPath = "";
			projectRoot = "";
			targets = (
				AD813A0126EF6588007814E9 /* Drink */,
			);
		};
/* End PBXProject section */

/* Begin PBXResourcesBuildPhase section */
		AD813A0026EF6588007814E9 /* Resources */ = {
			isa = PBXResourcesBuildPhase;
			buildActionMask = 2147483647;
			files = (
				AD813A1226EF6589007814E9 /* LaunchScreen.storyboard in Resources */,
				AD813A0F26EF6589007814E9 /* Assets.xcassets in Resources */,
				AD813A1E26EF66E0007814E9 /* AlertListCell.xib in Resources */,
				AD813A0D26EF6588007814E9 /* Main.storyboard in Resources */,
			);
			runOnlyForDeploymentPostprocessing = 0;
		};
/* End PBXResourcesBuildPhase section */

/* Begin PBXSourcesBuildPhase section */
		AD8139FE26EF6588007814E9 /* Sources */ = {
			isa = PBXSourcesBuildPhase;
			buildActionMask = 2147483647;
			files = (
				AD813A0626EF6588007814E9 /* AppDelegate.swift in Sources */,
				AD813A0826EF6588007814E9 /* SceneDelegate.swift in Sources */,
				AD813A1D26EF66E0007814E9 /* AlertListCell.swift in Sources */,
				AD2BFCF226EF6E80006CD879 /* Alert.swift in Sources */,
				AD813A1A26EF65A1007814E9 /* AlertListViewController.swift in Sources */,
				AD2BFCF626F0A43E006CD879 /* UNNotificationCenter.swift in Sources */,
				AD2BFCF426EF7182006CD879 /* AddAlertViewController.swift in Sources */,
			);
			runOnlyForDeploymentPostprocessing = 0;
		};
/* End PBXSourcesBuildPhase section */

/* Begin PBXVariantGroup section */
		AD813A0B26EF6588007814E9 /* Main.storyboard */ = {
			isa = PBXVariantGroup;
			children = (
				AD813A0C26EF6588007814E9 /* Base */,
			);
			name = Main.storyboard;
			sourceTree = "<group>";
		};
		AD813A1026EF6589007814E9 /* LaunchScreen.storyboard */ = {
			isa = PBXVariantGroup;
			children = (
				AD813A1126EF6589007814E9 /* Base */,
			);
			name = LaunchScreen.storyboard;
			sourceTree = "<group>";
		};
/* End PBXVariantGroup section */

/* Begin XCBuildConfiguration section */
		AD813A1426EF6589007814E9 /* Debug */ = {
			isa = XCBuildConfiguration;
			buildSettings = {
				ALWAYS_SEARCH_USER_PATHS = NO;
				CLANG_ANALYZER_NONNULL = YES;
				CLANG_ANALYZER_NUMBER_OBJECT_CONVERSION = YES_AGGRESSIVE;
				CLANG_CXX_LANGUAGE_STANDARD = "gnu++14";
				CLANG_CXX_LIBRARY = "libc++";
				CLANG_ENABLE_MODULES = YES;
				CLANG_ENABLE_OBJC_ARC = YES;
				CLANG_ENABLE_OBJC_WEAK = YES;
				CLANG_WARN_BLOCK_CAPTURE_AUTORELEASING = YES;
				CLANG_WARN_BOOL_CONVERSION = YES;
				CLANG_WARN_COMMA = YES;
				CLANG_WARN_CONSTANT_CONVERSION = YES;
				CLANG_WARN_DEPRECATED_OBJC_IMPLEMENTATIONS = YES;
				CLANG_WARN_DIRECT_OBJC_ISA_USAGE = YES_ERROR;
				CLANG_WARN_DOCUMENTATION_COMMENTS = YES;
				CLANG_WARN_EMPTY_BODY = YES;
				CLANG_WARN_ENUM_CONVERSION = YES;
				CLANG_WARN_INFINITE_RECURSION = YES;
				CLANG_WARN_INT_CONVERSION = YES;
				CLANG_WARN_NON_LITERAL_NULL_CONVERSION = YES;
				CLANG_WARN_OBJC_IMPLICIT_RETAIN_SELF = YES;
				CLANG_WARN_OBJC_LITERAL_CONVERSION = YES;
				CLANG_WARN_OBJC_ROOT_CLASS = YES_ERROR;
				CLANG_WARN_QUOTED_INCLUDE_IN_FRAMEWORK_HEADER = YES;
				CLANG_WARN_RANGE_LOOP_ANALYSIS = YES;
				CLANG_WARN_STRICT_PROTOTYPES = YES;
				CLANG_WARN_SUSPICIOUS_MOVE = YES;
				CLANG_WARN_UNGUARDED_AVAILABILITY = YES_AGGRESSIVE;
				CLANG_WARN_UNREACHABLE_CODE = YES;
				CLANG_WARN__DUPLICATE_METHOD_MATCH = YES;
				COPY_PHASE_STRIP = NO;
				DEBUG_INFORMATION_FORMAT = dwarf;
				ENABLE_STRICT_OBJC_MSGSEND = YES;
				ENABLE_TESTABILITY = YES;
				GCC_C_LANGUAGE_STANDARD = gnu11;
				GCC_DYNAMIC_NO_PIC = NO;
				GCC_NO_COMMON_BLOCKS = YES;
				GCC_OPTIMIZATION_LEVEL = 0;
				GCC_PREPROCESSOR_DEFINITIONS = (
					"DEBUG=1",
					"$(inherited)",
				);
				GCC_WARN_64_TO_32_BIT_CONVERSION = YES;
				GCC_WARN_ABOUT_RETURN_TYPE = YES_ERROR;
				GCC_WARN_UNDECLARED_SELECTOR = YES;
				GCC_WARN_UNINITIALIZED_AUTOS = YES_AGGRESSIVE;
				GCC_WARN_UNUSED_FUNCTION = YES;
				GCC_WARN_UNUSED_VARIABLE = YES;
				IPHONEOS_DEPLOYMENT_TARGET = 14.5;
				MTL_ENABLE_DEBUG_INFO = INCLUDE_SOURCE;
				MTL_FAST_MATH = YES;
				ONLY_ACTIVE_ARCH = YES;
				SDKROOT = iphoneos;
				SWIFT_ACTIVE_COMPILATION_CONDITIONS = DEBUG;
				SWIFT_OPTIMIZATION_LEVEL = "-Onone";
			};
			name = Debug;
		};
		AD813A1526EF6589007814E9 /* Release */ = {
			isa = XCBuildConfiguration;
			buildSettings = {
				ALWAYS_SEARCH_USER_PATHS = NO;
				CLANG_ANALYZER_NONNULL = YES;
				CLANG_ANALYZER_NUMBER_OBJECT_CONVERSION = YES_AGGRESSIVE;
				CLANG_CXX_LANGUAGE_STANDARD = "gnu++14";
				CLANG_CXX_LIBRARY = "libc++";
				CLANG_ENABLE_MODULES = YES;
				CLANG_ENABLE_OBJC_ARC = YES;
				CLANG_ENABLE_OBJC_WEAK = YES;
				CLANG_WARN_BLOCK_CAPTURE_AUTORELEASING = YES;
				CLANG_WARN_BOOL_CONVERSION = YES;
				CLANG_WARN_COMMA = YES;
				CLANG_WARN_CONSTANT_CONVERSION = YES;
				CLANG_WARN_DEPRECATED_OBJC_IMPLEMENTATIONS = YES;
				CLANG_WARN_DIRECT_OBJC_ISA_USAGE = YES_ERROR;
				CLANG_WARN_DOCUMENTATION_COMMENTS = YES;
				CLANG_WARN_EMPTY_BODY = YES;
				CLANG_WARN_ENUM_CONVERSION = YES;
				CLANG_WARN_INFINITE_RECURSION = YES;
				CLANG_WARN_INT_CONVERSION = YES;
				CLANG_WARN_NON_LITERAL_NULL_CONVERSION = YES;
				CLANG_WARN_OBJC_IMPLICIT_RETAIN_SELF = YES;
				CLANG_WARN_OBJC_LITERAL_CONVERSION = YES;
				CLANG_WARN_OBJC_ROOT_CLASS = YES_ERROR;
				CLANG_WARN_QUOTED_INCLUDE_IN_FRAMEWORK_HEADER = YES;
				CLANG_WARN_RANGE_LOOP_ANALYSIS = YES;
				CLANG_WARN_STRICT_PROTOTYPES = YES;
				CLANG_WARN_SUSPICIOUS_MOVE = YES;
				CLANG_WARN_UNGUARDED_AVAILABILITY = YES_AGGRESSIVE;
				CLANG_WARN_UNREACHABLE_CODE = YES;
				CLANG_WARN__DUPLICATE_METHOD_MATCH = YES;
				COPY_PHASE_STRIP = NO;
				DEBUG_INFORMATION_FORMAT = "dwarf-with-dsym";
				ENABLE_NS_ASSERTIONS = NO;
				ENABLE_STRICT_OBJC_MSGSEND = YES;
				GCC_C_LANGUAGE_STANDARD = gnu11;
				GCC_NO_COMMON_BLOCKS = YES;
				GCC_WARN_64_TO_32_BIT_CONVERSION = YES;
				GCC_WARN_ABOUT_RETURN_TYPE = YES_ERROR;
				GCC_WARN_UNDECLARED_SELECTOR = YES;
				GCC_WARN_UNINITIALIZED_AUTOS = YES_AGGRESSIVE;
				GCC_WARN_UNUSED_FUNCTION = YES;
				GCC_WARN_UNUSED_VARIABLE = YES;
				IPHONEOS_DEPLOYMENT_TARGET = 14.5;
				MTL_ENABLE_DEBUG_INFO = NO;
				MTL_FAST_MATH = YES;
				SDKROOT = iphoneos;
				SWIFT_COMPILATION_MODE = wholemodule;
				SWIFT_OPTIMIZATION_LEVEL = "-O";
				VALIDATE_PRODUCT = YES;
			};
			name = Release;
		};
		AD813A1726EF6589007814E9 /* Debug */ = {
			isa = XCBuildConfiguration;
			buildSettings = {
				ASSETCATALOG_COMPILER_APPICON_NAME = AppIcon;
				ASSETCATALOG_COMPILER_GLOBAL_ACCENT_COLOR_NAME = AccentColor;
				CODE_SIGN_STYLE = Automatic;
				DEVELOPMENT_TEAM = KFH4K8M55Z;
				INFOPLIST_FILE = Drink/Info.plist;
				LD_RUNPATH_SEARCH_PATHS = (
					"$(inherited)",
					"@executable_path/Frameworks",
				);
				PRODUCT_BUNDLE_IDENTIFIER = Hwang.Drink;
				PRODUCT_NAME = "$(TARGET_NAME)";
				SWIFT_VERSION = 5.0;
				TARGETED_DEVICE_FAMILY = "1,2";
			};
			name = Debug;
		};
		AD813A1826EF6589007814E9 /* Release */ = {
			isa = XCBuildConfiguration;
			buildSettings = {
				ASSETCATALOG_COMPILER_APPICON_NAME = AppIcon;
				ASSETCATALOG_COMPILER_GLOBAL_ACCENT_COLOR_NAME = AccentColor;
				CODE_SIGN_STYLE = Automatic;
				DEVELOPMENT_TEAM = KFH4K8M55Z;
				INFOPLIST_FILE = Drink/Info.plist;
				LD_RUNPATH_SEARCH_PATHS = (
					"$(inherited)",
					"@executable_path/Frameworks",
				);
				PRODUCT_BUNDLE_IDENTIFIER = Hwang.Drink;
				PRODUCT_NAME = "$(TARGET_NAME)";
				SWIFT_VERSION = 5.0;
				TARGETED_DEVICE_FAMILY = "1,2";
			};
			name = Release;
		};
/* End XCBuildConfiguration section */

/* Begin XCConfigurationList section */
		AD8139FD26EF6588007814E9 /* Build configuration list for PBXProject "Drink" */ = {
			isa = XCConfigurationList;
			buildConfigurations = (
				AD813A1426EF6589007814E9 /* Debug */,
				AD813A1526EF6589007814E9 /* Release */,
			);
			defaultConfigurationIsVisible = 0;
			defaultConfigurationName = Release;
		};
		AD813A1626EF6589007814E9 /* Build configuration list for PBXNativeTarget "Drink" */ = {
			isa = XCConfigurationList;
			buildConfigurations = (
				AD813A1726EF6589007814E9 /* Debug */,
				AD813A1826EF6589007814E9 /* Release */,
			);
			defaultConfigurationIsVisible = 0;
			defaultConfigurationName = Release;
		};
/* End XCConfigurationList section */
	};
	rootObject = AD8139FA26EF6588007814E9 /* Project object */;
}
